// !$*UTF8*$!
{
	archiveVersion = 1;
	classes = {
	};
	objectVersion = 56;
	objects = {

/* Begin PBXBuildFile section */
		A1D445562B4A36C2002E18A3 /* ExploreView.swift in Sources */ = {isa = PBXBuildFile; fileRef = A1D445552B4A36C2002E18A3 /* ExploreView.swift */; };
		A1D445582B4A3802002E18A3 /* ListingItem.swift in Sources */ = {isa = PBXBuildFile; fileRef = A1D445572B4A3802002E18A3 /* ListingItem.swift */; };
		A1D4455A2B4A46DF002E18A3 /* SearchAndFilterBar.swift in Sources */ = {isa = PBXBuildFile; fileRef = A1D445592B4A46DF002E18A3 /* SearchAndFilterBar.swift */; };
		A1D445762B4D3962002E18A3 /* ListingDetailView.swift in Sources */ = {isa = PBXBuildFile; fileRef = A1D445752B4D3962002E18A3 /* ListingDetailView.swift */; };
		A1D445792B4D3A28002E18A3 /* ListingImageCarouselView.swift in Sources */ = {isa = PBXBuildFile; fileRef = A1D445782B4D3A28002E18A3 /* ListingImageCarouselView.swift */; };
		A1D775AA2B379359006DBFCB /* AirBnb_CloneApp.swift in Sources */ = {isa = PBXBuildFile; fileRef = A1D775A92B379359006DBFCB /* AirBnb_CloneApp.swift */; };
		A1D775AC2B379359006DBFCB /* ContentView.swift in Sources */ = {isa = PBXBuildFile; fileRef = A1D775AB2B379359006DBFCB /* ContentView.swift */; };
		A1D775AE2B37935B006DBFCB /* Assets.xcassets in Resources */ = {isa = PBXBuildFile; fileRef = A1D775AD2B37935B006DBFCB /* Assets.xcassets */; };
		A1D775B12B37935B006DBFCB /* Preview Assets.xcassets in Resources */ = {isa = PBXBuildFile; fileRef = A1D775B02B37935B006DBFCB /* Preview Assets.xcassets */; };
/* End PBXBuildFile section */

/* Begin PBXFileReference section */
		A1D445552B4A36C2002E18A3 /* ExploreView.swift */ = {isa = PBXFileReference; lastKnownFileType = sourcecode.swift; path = ExploreView.swift; sourceTree = "<group>"; };
		A1D445572B4A3802002E18A3 /* ListingItem.swift */ = {isa = PBXFileReference; lastKnownFileType = sourcecode.swift; path = ListingItem.swift; sourceTree = "<group>"; };
		A1D445592B4A46DF002E18A3 /* SearchAndFilterBar.swift */ = {isa = PBXFileReference; lastKnownFileType = sourcecode.swift; path = SearchAndFilterBar.swift; sourceTree = "<group>"; };
		A1D445752B4D3962002E18A3 /* ListingDetailView.swift */ = {isa = PBXFileReference; lastKnownFileType = sourcecode.swift; path = ListingDetailView.swift; sourceTree = "<group>"; };
		A1D445782B4D3A28002E18A3 /* ListingImageCarouselView.swift */ = {isa = PBXFileReference; lastKnownFileType = sourcecode.swift; path = ListingImageCarouselView.swift; sourceTree = "<group>"; };
		A1D775A62B379359006DBFCB /* AirBnb Clone.app */ = {isa = PBXFileReference; explicitFileType = wrapper.application; includeInIndex = 0; path = "AirBnb Clone.app"; sourceTree = BUILT_PRODUCTS_DIR; };
		A1D775A92B379359006DBFCB /* AirBnb_CloneApp.swift */ = {isa = PBXFileReference; lastKnownFileType = sourcecode.swift; path = AirBnb_CloneApp.swift; sourceTree = "<group>"; };
		A1D775AB2B379359006DBFCB /* ContentView.swift */ = {isa = PBXFileReference; lastKnownFileType = sourcecode.swift; path = ContentView.swift; sourceTree = "<group>"; };
		A1D775AD2B37935B006DBFCB /* Assets.xcassets */ = {isa = PBXFileReference; lastKnownFileType = folder.assetcatalog; path = Assets.xcassets; sourceTree = "<group>"; };
		A1D775B02B37935B006DBFCB /* Preview Assets.xcassets */ = {isa = PBXFileReference; lastKnownFileType = folder.assetcatalog; path = "Preview Assets.xcassets"; sourceTree = "<group>"; };
/* End PBXFileReference section */

/* Begin PBXFrameworksBuildPhase section */
		A1D775A32B379359006DBFCB /* Frameworks */ = {
			isa = PBXFrameworksBuildPhase;
			buildActionMask = 2147483647;
			files = (
			);
			runOnlyForDeploymentPostprocessing = 0;
		};
/* End PBXFrameworksBuildPhase section */

/* Begin PBXGroup section */
		A1D445482B4A2A00002E18A3 /* Extensions */ = {
			isa = PBXGroup;
			children = (
			);
			path = Extensions;
			sourceTree = "<group>";
		};
		A1D445492B4A2A03002E18A3 /* Root */ = {
			isa = PBXGroup;
			children = (
			);
			path = Root;
			sourceTree = "<group>";
		};
		A1D4454A2B4A2A04002E18A3 /* Core */ = {
			isa = PBXGroup;
			children = (
				A1D445772B4D3A00002E18A3 /* Components */,
				A1D4454E2B4A35B8002E18A3 /* Explore */,
				A1D4454F2B4A35C7002E18A3 /* Listings */,
				A1D445502B4A35D8002E18A3 /* MapView */,
				A1D445512B4A35E0002E18A3 /* Profile */,
				A1D445522B4A3624002E18A3 /* Root */,
				A1D445532B4A3626002E18A3 /* TabBar */,
				A1D445542B4A3629002E18A3 /* WishList */,
			);
			path = Core;
			sourceTree = "<group>";
		};
		A1D4454B2B4A2A06002E18A3 /* App */ = {
			isa = PBXGroup;
			children = (
				A1D775A92B379359006DBFCB /* AirBnb_CloneApp.swift */,
			);
			path = App;
			sourceTree = "<group>";
		};
		A1D4454C2B4A354F002E18A3 /* Models */ = {
			isa = PBXGroup;
			children = (
			);
			path = Models;
			sourceTree = "<group>";
		};
		A1D4454D2B4A3554002E18A3 /* Utilities */ = {
			isa = PBXGroup;
			children = (
			);
			path = Utilities;
			sourceTree = "<group>";
		};
		A1D4454E2B4A35B8002E18A3 /* Explore */ = {
			isa = PBXGroup;
			children = (
				A1D445552B4A36C2002E18A3 /* ExploreView.swift */,
				A1D445592B4A46DF002E18A3 /* SearchAndFilterBar.swift */,
			);
			path = Explore;
			sourceTree = "<group>";
		};
		A1D4454F2B4A35C7002E18A3 /* Listings */ = {
			isa = PBXGroup;
			children = (
				A1D445572B4A3802002E18A3 /* ListingItem.swift */,
				A1D445752B4D3962002E18A3 /* ListingDetailView.swift */,
			);
			path = Listings;
			sourceTree = "<group>";
		};
		A1D445502B4A35D8002E18A3 /* MapView */ = {
			isa = PBXGroup;
			children = (
			);
			path = MapView;
			sourceTree = "<group>";
		};
		A1D445512B4A35E0002E18A3 /* Profile */ = {
			isa = PBXGroup;
			children = (
			);
			path = Profile;
			sourceTree = "<group>";
		};
		A1D445522B4A3624002E18A3 /* Root */ = {
			isa = PBXGroup;
			children = (
			);
			path = Root;
			sourceTree = "<group>";
		};
		A1D445532B4A3626002E18A3 /* TabBar */ = {
			isa = PBXGroup;
			children = (
			);
			path = TabBar;
			sourceTree = "<group>";
		};
		A1D445542B4A3629002E18A3 /* WishList */ = {
			isa = PBXGroup;
			children = (
			);
			path = WishList;
			sourceTree = "<group>";
		};
		A1D445772B4D3A00002E18A3 /* Components */ = {
			isa = PBXGroup;
			children = (
				A1D445782B4D3A28002E18A3 /* ListingImageCarouselView.swift */,
			);
			path = Components;
			sourceTree = "<group>";
		};
		A1D7759D2B379359006DBFCB = {
			isa = PBXGroup;
			children = (
				A1D775A82B379359006DBFCB /* AirBnb Clone */,
				A1D775A72B379359006DBFCB /* Products */,
			);
			sourceTree = "<group>";
		};
		A1D775A72B379359006DBFCB /* Products */ = {
			isa = PBXGroup;
			children = (
				A1D775A62B379359006DBFCB /* AirBnb Clone.app */,
			);
			name = Products;
			sourceTree = "<group>";
		};
		A1D775A82B379359006DBFCB /* AirBnb Clone */ = {
			isa = PBXGroup;
			children = (
				A1D4454B2B4A2A06002E18A3 /* App */,
				A1D4454A2B4A2A04002E18A3 /* Core */,
				A1D445482B4A2A00002E18A3 /* Extensions */,
				A1D4454C2B4A354F002E18A3 /* Models */,
				A1D445492B4A2A03002E18A3 /* Root */,
				A1D4454D2B4A3554002E18A3 /* Utilities */,
				A1D775AB2B379359006DBFCB /* ContentView.swift */,
				A1D775AD2B37935B006DBFCB /* Assets.xcassets */,
				A1D775AF2B37935B006DBFCB /* Preview Content */,
			);
			path = "AirBnb Clone";
			sourceTree = "<group>";
		};
		A1D775AF2B37935B006DBFCB /* Preview Content */ = {
			isa = PBXGroup;
			children = (
				A1D775B02B37935B006DBFCB /* Preview Assets.xcassets */,
			);
			path = "Preview Content";
			sourceTree = "<group>";
		};
/* End PBXGroup section */

/* Begin PBXNativeTarget section */
		A1D775A52B379359006DBFCB /* AirBnb Clone */ = {
			isa = PBXNativeTarget;
			buildConfigurationList = A1D775B42B37935B006DBFCB /* Build configuration list for PBXNativeTarget "AirBnb Clone" */;
			buildPhases = (
				A1D775A22B379359006DBFCB /* Sources */,
				A1D775A32B379359006DBFCB /* Frameworks */,
				A1D775A42B379359006DBFCB /* Resources */,
			);
			buildRules = (
			);
			dependencies = (
			);
			name = "AirBnb Clone";
			productName = "AirBnb Clone";
			productReference = A1D775A62B379359006DBFCB /* AirBnb Clone.app */;
			productType = "com.apple.product-type.application";
		};
/* End PBXNativeTarget section */

/* Begin PBXProject section */
		A1D7759E2B379359006DBFCB /* Project object */ = {
			isa = PBXProject;
			attributes = {
				BuildIndependentTargetsInParallel = 1;
				LastSwiftUpdateCheck = 1510;
				LastUpgradeCheck = 1510;
				TargetAttributes = {
					A1D775A52B379359006DBFCB = {
						CreatedOnToolsVersion = 15.1;
					};
				};
			};
			buildConfigurationList = A1D775A12B379359006DBFCB /* Build configuration list for PBXProject "AirBnb Clone" */;
			compatibilityVersion = "Xcode 14.0";
			developmentRegion = en;
			hasScannedForEncodings = 0;
			knownRegions = (
				en,
				Base,
			);
			mainGroup = A1D7759D2B379359006DBFCB;
			productRefGroup = A1D775A72B379359006DBFCB /* Products */;
			projectDirPath = "";
			projectRoot = "";
			targets = (
				A1D775A52B379359006DBFCB /* AirBnb Clone */,
			);
		};
/* End PBXProject section */

/* Begin PBXResourcesBuildPhase section */
		A1D775A42B379359006DBFCB /* Resources */ = {
			isa = PBXResourcesBuildPhase;
			buildActionMask = 2147483647;
			files = (
				A1D775B12B37935B006DBFCB /* Preview Assets.xcassets in Resources */,
				A1D775AE2B37935B006DBFCB /* Assets.xcassets in Resources */,
			);
			runOnlyForDeploymentPostprocessing = 0;
		};
/* End PBXResourcesBuildPhase section */

/* Begin PBXSourcesBuildPhase section */
		A1D775A22B379359006DBFCB /* Sources */ = {
			isa = PBXSourcesBuildPhase;
			buildActionMask = 2147483647;
			files = (
				A1D445792B4D3A28002E18A3 /* ListingImageCarouselView.swift in Sources */,
				A1D775AC2B379359006DBFCB /* ContentView.swift in Sources */,
				A1D445582B4A3802002E18A3 /* ListingItem.swift in Sources */,
				A1D445562B4A36C2002E18A3 /* ExploreView.swift in Sources */,
				A1D4455A2B4A46DF002E18A3 /* SearchAndFilterBar.swift in Sources */,
				A1D445762B4D3962002E18A3 /* ListingDetailView.swift in Sources */,
				A1D775AA2B379359006DBFCB /* AirBnb_CloneApp.swift in Sources */,
			);
			runOnlyForDeploymentPostprocessing = 0;
		};
/* End PBXSourcesBuildPhase section */

/* Begin XCBuildConfiguration section */
		A1D775B22B37935B006DBFCB /* Debug */ = {
			isa = XCBuildConfiguration;
			buildSettings = {
				ALWAYS_SEARCH_USER_PATHS = NO;
				ASSETCATALOG_COMPILER_GENERATE_SWIFT_ASSET_SYMBOL_EXTENSIONS = YES;
				CLANG_ANALYZER_NONNULL = YES;
				CLANG_ANALYZER_NUMBER_OBJECT_CONVERSION = YES_AGGRESSIVE;
				CLANG_CXX_LANGUAGE_STANDARD = "gnu++20";
				CLANG_ENABLE_MODULES = YES;
				CLANG_ENABLE_OBJC_ARC = YES;
				CLANG_ENABLE_OBJC_WEAK = YES;
				CLANG_WARN_BLOCK_CAPTURE_AUTORELEASING = YES;
				CLANG_WARN_BOOL_CONVERSION = YES;
				CLANG_WARN_COMMA = YES;
				CLANG_WARN_CONSTANT_CONVERSION = YES;
				CLANG_WARN_DEPRECATED_OBJC_IMPLEMENTATIONS = YES;
				CLANG_WARN_DIRECT_OBJC_ISA_USAGE = YES_ERROR;
				CLANG_WARN_DOCUMENTATION_COMMENTS = YES;
				CLANG_WARN_EMPTY_BODY = YES;
				CLANG_WARN_ENUM_CONVERSION = YES;
				CLANG_WARN_INFINITE_RECURSION = YES;
				CLANG_WARN_INT_CONVERSION = YES;
				CLANG_WARN_NON_LITERAL_NULL_CONVERSION = YES;
				CLANG_WARN_OBJC_IMPLICIT_RETAIN_SELF = YES;
				CLANG_WARN_OBJC_LITERAL_CONVERSION = YES;
				CLANG_WARN_OBJC_ROOT_CLASS = YES_ERROR;
				CLANG_WARN_QUOTED_INCLUDE_IN_FRAMEWORK_HEADER = YES;
				CLANG_WARN_RANGE_LOOP_ANALYSIS = YES;
				CLANG_WARN_STRICT_PROTOTYPES = YES;
				CLANG_WARN_SUSPICIOUS_MOVE = YES;
				CLANG_WARN_UNGUARDED_AVAILABILITY = YES_AGGRESSIVE;
				CLANG_WARN_UNREACHABLE_CODE = YES;
				CLANG_WARN__DUPLICATE_METHOD_MATCH = YES;
				COPY_PHASE_STRIP = NO;
				DEBUG_INFORMATION_FORMAT = dwarf;
				ENABLE_STRICT_OBJC_MSGSEND = YES;
				ENABLE_TESTABILITY = YES;
				ENABLE_USER_SCRIPT_SANDBOXING = YES;
				GCC_C_LANGUAGE_STANDARD = gnu17;
				GCC_DYNAMIC_NO_PIC = NO;
				GCC_NO_COMMON_BLOCKS = YES;
				GCC_OPTIMIZATION_LEVEL = 0;
				GCC_PREPROCESSOR_DEFINITIONS = (
					"DEBUG=1",
					"$(inherited)",
				);
				GCC_WARN_64_TO_32_BIT_CONVERSION = YES;
				GCC_WARN_ABOUT_RETURN_TYPE = YES_ERROR;
				GCC_WARN_UNDECLARED_SELECTOR = YES;
				GCC_WARN_UNINITIALIZED_AUTOS = YES_AGGRESSIVE;
				GCC_WARN_UNUSED_FUNCTION = YES;
				GCC_WARN_UNUSED_VARIABLE = YES;
				IPHONEOS_DEPLOYMENT_TARGET = 17.2;
				LOCALIZATION_PREFERS_STRING_CATALOGS = YES;
				MTL_ENABLE_DEBUG_INFO = INCLUDE_SOURCE;
				MTL_FAST_MATH = YES;
				ONLY_ACTIVE_ARCH = YES;
				SDKROOT = iphoneos;
				SWIFT_ACTIVE_COMPILATION_CONDITIONS = "DEBUG $(inherited)";
				SWIFT_OPTIMIZATION_LEVEL = "-Onone";
			};
			name = Debug;
		};
		A1D775B32B37935B006DBFCB /* Release */ = {
			isa = XCBuildConfiguration;
			buildSettings = {
				ALWAYS_SEARCH_USER_PATHS = NO;
				ASSETCATALOG_COMPILER_GENERATE_SWIFT_ASSET_SYMBOL_EXTENSIONS = YES;
				CLANG_ANALYZER_NONNULL = YES;
				CLANG_ANALYZER_NUMBER_OBJECT_CONVERSION = YES_AGGRESSIVE;
				CLANG_CXX_LANGUAGE_STANDARD = "gnu++20";
				CLANG_ENABLE_MODULES = YES;
				CLANG_ENABLE_OBJC_ARC = YES;
				CLANG_ENABLE_OBJC_WEAK = YES;
				CLANG_WARN_BLOCK_CAPTURE_AUTORELEASING = YES;
				CLANG_WARN_BOOL_CONVERSION = YES;
				CLANG_WARN_COMMA = YES;
				CLANG_WARN_CONSTANT_CONVERSION = YES;
				CLANG_WARN_DEPRECATED_OBJC_IMPLEMENTATIONS = YES;
				CLANG_WARN_DIRECT_OBJC_ISA_USAGE = YES_ERROR;
				CLANG_WARN_DOCUMENTATION_COMMENTS = YES;
				CLANG_WARN_EMPTY_BODY = YES;
				CLANG_WARN_ENUM_CONVERSION = YES;
				CLANG_WARN_INFINITE_RECURSION = YES;
				CLANG_WARN_INT_CONVERSION = YES;
				CLANG_WARN_NON_LITERAL_NULL_CONVERSION = YES;
				CLANG_WARN_OBJC_IMPLICIT_RETAIN_SELF = YES;
				CLANG_WARN_OBJC_LITERAL_CONVERSION = YES;
				CLANG_WARN_OBJC_ROOT_CLASS = YES_ERROR;
				CLANG_WARN_QUOTED_INCLUDE_IN_FRAMEWORK_HEADER = YES;
				CLANG_WARN_RANGE_LOOP_ANALYSIS = YES;
				CLANG_WARN_STRICT_PROTOTYPES = YES;
				CLANG_WARN_SUSPICIOUS_MOVE = YES;
				CLANG_WARN_UNGUARDED_AVAILABILITY = YES_AGGRESSIVE;
				CLANG_WARN_UNREACHABLE_CODE = YES;
				CLANG_WARN__DUPLICATE_METHOD_MATCH = YES;
				COPY_PHASE_STRIP = NO;
				DEBUG_INFORMATION_FORMAT = "dwarf-with-dsym";
				ENABLE_NS_ASSERTIONS = NO;
				ENABLE_STRICT_OBJC_MSGSEND = YES;
				ENABLE_USER_SCRIPT_SANDBOXING = YES;
				GCC_C_LANGUAGE_STANDARD = gnu17;
				GCC_NO_COMMON_BLOCKS = YES;
				GCC_WARN_64_TO_32_BIT_CONVERSION = YES;
				GCC_WARN_ABOUT_RETURN_TYPE = YES_ERROR;
				GCC_WARN_UNDECLARED_SELECTOR = YES;
				GCC_WARN_UNINITIALIZED_AUTOS = YES_AGGRESSIVE;
				GCC_WARN_UNUSED_FUNCTION = YES;
				GCC_WARN_UNUSED_VARIABLE = YES;
				IPHONEOS_DEPLOYMENT_TARGET = 17.2;
				LOCALIZATION_PREFERS_STRING_CATALOGS = YES;
				MTL_ENABLE_DEBUG_INFO = NO;
				MTL_FAST_MATH = YES;
				SDKROOT = iphoneos;
				SWIFT_COMPILATION_MODE = wholemodule;
				VALIDATE_PRODUCT = YES;
			};
			name = Release;
		};
		A1D775B52B37935B006DBFCB /* Debug */ = {
			isa = XCBuildConfiguration;
			buildSettings = {
				ASSETCATALOG_COMPILER_APPICON_NAME = AppIcon;
				ASSETCATALOG_COMPILER_GLOBAL_ACCENT_COLOR_NAME = AccentColor;
				CODE_SIGN_STYLE = Automatic;
				CURRENT_PROJECT_VERSION = 1;
				DEVELOPMENT_ASSET_PATHS = "\"AirBnb Clone/Preview Content\"";
				DEVELOPMENT_TEAM = 3N68N3P5UX;
				ENABLE_PREVIEWS = YES;
				GENERATE_INFOPLIST_FILE = YES;
				INFOPLIST_KEY_UIApplicationSceneManifest_Generation = YES;
				INFOPLIST_KEY_UIApplicationSupportsIndirectInputEvents = YES;
				INFOPLIST_KEY_UILaunchScreen_Generation = YES;
				INFOPLIST_KEY_UISupportedInterfaceOrientations_iPad = "UIInterfaceOrientationPortrait UIInterfaceOrientationPortraitUpsideDown UIInterfaceOrientationLandscapeLeft UIInterfaceOrientationLandscapeRight";
				INFOPLIST_KEY_UISupportedInterfaceOrientations_iPhone = "UIInterfaceOrientationPortrait UIInterfaceOrientationLandscapeLeft UIInterfaceOrientationLandscapeRight";
				LD_RUNPATH_SEARCH_PATHS = (
					"$(inherited)",
					"@executable_path/Frameworks",
				);
				MARKETING_VERSION = 1.0;
				PRODUCT_BUNDLE_IDENTIFIER = "demirdoven.ikbal.AirBnb-Clone";
				PRODUCT_NAME = "$(TARGET_NAME)";
				SWIFT_EMIT_LOC_STRINGS = YES;
				SWIFT_VERSION = 5.0;
				TARGETED_DEVICE_FAMILY = "1,2";
			};
			name = Debug;
		};
		A1D775B62B37935B006DBFCB /* Release */ = {
			isa = XCBuildConfiguration;
			buildSettings = {
				ASSETCATALOG_COMPILER_APPICON_NAME = AppIcon;
				ASSETCATALOG_COMPILER_GLOBAL_ACCENT_COLOR_NAME = AccentColor;
				CODE_SIGN_STYLE = Automatic;
				CURRENT_PROJECT_VERSION = 1;
				DEVELOPMENT_ASSET_PATHS = "\"AirBnb Clone/Preview Content\"";
				DEVELOPMENT_TEAM = 3N68N3P5UX;
				ENABLE_PREVIEWS = YES;
				GENERATE_INFOPLIST_FILE = YES;
				INFOPLIST_KEY_UIApplicationSceneManifest_Generation = YES;
				INFOPLIST_KEY_UIApplicationSupportsIndirectInputEvents = YES;
				INFOPLIST_KEY_UILaunchScreen_Generation = YES;
				INFOPLIST_KEY_UISupportedInterfaceOrientations_iPad = "UIInterfaceOrientationPortrait UIInterfaceOrientationPortraitUpsideDown UIInterfaceOrientationLandscapeLeft UIInterfaceOrientationLandscapeRight";
				INFOPLIST_KEY_UISupportedInterfaceOrientations_iPhone = "UIInterfaceOrientationPortrait UIInterfaceOrientationLandscapeLeft UIInterfaceOrientationLandscapeRight";
				LD_RUNPATH_SEARCH_PATHS = (
					"$(inherited)",
					"@executable_path/Frameworks",
				);
				MARKETING_VERSION = 1.0;
				PRODUCT_BUNDLE_IDENTIFIER = "demirdoven.ikbal.AirBnb-Clone";
				PRODUCT_NAME = "$(TARGET_NAME)";
				SWIFT_EMIT_LOC_STRINGS = YES;
				SWIFT_VERSION = 5.0;
				TARGETED_DEVICE_FAMILY = "1,2";
			};
			name = Release;
		};
/* End XCBuildConfiguration section */

/* Begin XCConfigurationList section */
		A1D775A12B379359006DBFCB /* Build configuration list for PBXProject "AirBnb Clone" */ = {
			isa = XCConfigurationList;
			buildConfigurations = (
				A1D775B22B37935B006DBFCB /* Debug */,
				A1D775B32B37935B006DBFCB /* Release */,
			);
			defaultConfigurationIsVisible = 0;
			defaultConfigurationName = Release;
		};
		A1D775B42B37935B006DBFCB /* Build configuration list for PBXNativeTarget "AirBnb Clone" */ = {
			isa = XCConfigurationList;
			buildConfigurations = (
				A1D775B52B37935B006DBFCB /* Debug */,
				A1D775B62B37935B006DBFCB /* Release */,
			);
			defaultConfigurationIsVisible = 0;
			defaultConfigurationName = Release;
		};
/* End XCConfigurationList section */
	};
	rootObject = A1D7759E2B379359006DBFCB /* Project object */;
}
